
Microsoft Visual Studio Solution File, Format Version 12.00
# Visual Studio Version 16
VisualStudioVersion = 16.0.30204.135
MinimumVisualStudioVersion = 10.0.40219.1
Project("{FAE04EC0-301F-11D3-BF4B-00C04F79EFBC}") = "Relocation", "Relocation.csproj", "{355C7DBF-744F-4C58-A62E-05BF3F8D1CFF}"
EndProject
Global
	GlobalSection(SolutionConfigurationPlatforms) = preSolution
		Debug|Any CPU = Debug|Any CPU
		Release|Any CPU = Release|Any CPU
	EndGlobalSection
	GlobalSection(ProjectConfigurationPlatforms) = postSolution
		{355C7DBF-744F-4C58-A62E-05BF3F8D1CFF}.Debug|Any CPU.ActiveCfg = Debug|Any CPU
		{355C7DBF-744F-4C58-A62E-05BF3F8D1CFF}.Debug|Any CPU.Build.0 = Debug|Any CPU
		{355C7DBF-744F-4C58-A62E-05BF3F8D1CFF}.Release|Any CPU.ActiveCfg = Release|Any CPU
		{355C7DBF-744F-4C58-A62E-05BF3F8D1CFF}.Release|Any CPU.Build.0 = Release|Any CPU
	EndGlobalSection
	GlobalSection(SolutionProperties) = preSolution
		HideSolutionNode = FALSE
	EndGlobalSection
	GlobalSection(ExtensibilityGlobals) = postSolution
		SolutionGuid = {A6FA1677-2996-478D-89FE-4C2BC1F54EC7}
	EndGlobalSection
EndGlobal
